
Microsoft Visual Studio Solution File, Format Version 12.00
# Visual Studio 2013
VisualStudioVersion = 12.0.30501.0
MinimumVisualStudioVersion = 10.0.40219.1
Project("{FAE04EC0-301F-11D3-BF4B-00C04F79EFBC}") = "Tetris", "Tetris\Tetris.csproj", "{7B78C468-55E7-4C98-816E-054747C7951A}"
EndProject
Global
	GlobalSection(SolutionConfigurationPlatforms) = preSolution
		Debug|x86 = Debug|x86
		Release|x86 = Release|x86
	EndGlobalSection
	GlobalSection(ProjectConfigurationPlatforms) = postSolution
		{7B78C468-55E7-4C98-816E-054747C7951A}.Debug|x86.ActiveCfg = Debug|x86
		{7B78C468-55E7-4C98-816E-054747C7951A}.Debug|x86.Build.0 = Debug|x86
		{7B78C468-55E7-4C98-816E-054747C7951A}.Release|x86.ActiveCfg = Release|x86
		{7B78C468-55E7-4C98-816E-054747C7951A}.Release|x86.Build.0 = Release|x86
	EndGlobalSection
	GlobalSection(SolutionProperties) = preSolution
		HideSolutionNode = FALSE
	EndGlobalSection
EndGlobal
